github.com/go-regexp/engine v0.3.0 h1:yoJ9GtIr5YloEuQQ3bb7jjD0Qzmh+Exi+f6CUwBT8H8=
github.com/go-regexp/engine v0.3.0/go.mod h1:fWnPvSuE4HIVpBQIHMiaPMEE7InDc00KeoPr/QNFGwA=
github.com/go-ruby-regexp/regexp v0.1.0 h1:KtFfOt6tKiT/UhoZ8GH6liyIVbmqhXTD04uqAiUQBj8=
github.com/go-ruby-regexp/regexp v0.1.0/go.mod h1:ndhrN+oK4wdXKM6iOasSIzLSTCs9vD9jhi65gx13Xpg=
